
Microsoft Visual Studio Solution File, Format Version 12.00
# Visual Studio Version 17
VisualStudioVersion = 17.2.32630.192
MinimumVisualStudioVersion = 10.0.40219.1
Project("{FAE04EC0-301F-11D3-BF4B-00C04F79EFBC}") = "backend", "backend\backend.csproj", "{1CA43B67-9635-4A16-ACB2-84588F7FB1FF}"
EndProject
Global
	GlobalSection(SolutionConfigurationPlatforms) = preSolution
		Debug|Any CPU = Debug|Any CPU
		Release|Any CPU = Release|Any CPU
	EndGlobalSection
	GlobalSection(ProjectConfigurationPlatforms) = postSolution
		{1CA43B67-9635-4A16-ACB2-84588F7FB1FF}.Debug|Any CPU.ActiveCfg = Debug|Any CPU
		{1CA43B67-9635-4A16-ACB2-84588F7FB1FF}.Debug|Any CPU.Build.0 = Debug|Any CPU
		{1CA43B67-9635-4A16-ACB2-84588F7FB1FF}.Release|Any CPU.ActiveCfg = Release|Any CPU
		{1CA43B67-9635-4A16-ACB2-84588F7FB1FF}.Release|Any CPU.Build.0 = Release|Any CPU
	EndGlobalSection
	GlobalSection(SolutionProperties) = preSolution
		HideSolutionNode = FALSE
	EndGlobalSection
	GlobalSection(ExtensibilityGlobals) = postSolution
		SolutionGuid = {84E58F7A-3BEE-4E2F-AE9D-960FFFB16782}
	EndGlobalSection
EndGlobal
